
Microsoft Visual Studio Solution File, Format Version 12.00
# Visual Studio Version 17
VisualStudioVersion = 17.14.36511.14 d17.14
MinimumVisualStudioVersion = 10.0.40219.1
Project("{FAE04EC0-301F-11D3-BF4B-00C04F79EFBC}") = "Fall2025-Project3-bdstevens2", "Fall2025-Project3-bdstevens2.csproj", "{82047D33-9AA3-4E3A-92F0-1DA444A1CC7A}"
EndProject
Global
	GlobalSection(SolutionConfigurationPlatforms) = preSolution
		Debug|Any CPU = Debug|Any CPU
		Release|Any CPU = Release|Any CPU
	EndGlobalSection
	GlobalSection(ProjectConfigurationPlatforms) = postSolution
		{82047D33-9AA3-4E3A-92F0-1DA444A1CC7A}.Debug|Any CPU.ActiveCfg = Debug|Any CPU
		{82047D33-9AA3-4E3A-92F0-1DA444A1CC7A}.Debug|Any CPU.Build.0 = Debug|Any CPU
		{82047D33-9AA3-4E3A-92F0-1DA444A1CC7A}.Release|Any CPU.ActiveCfg = Release|Any CPU
		{82047D33-9AA3-4E3A-92F0-1DA444A1CC7A}.Release|Any CPU.Build.0 = Release|Any CPU
	EndGlobalSection
	GlobalSection(SolutionProperties) = preSolution
		HideSolutionNode = FALSE
	EndGlobalSection
	GlobalSection(ExtensibilityGlobals) = postSolution
		SolutionGuid = {1204D19A-ED64-4F20-963E-8CFC21A1FCFF}
	EndGlobalSection
EndGlobal
